{
  "requires": true,
  "lockfileVersion": 1,
  "dependencies": {
    "vue-router": {
      "version": "3.4.8",
      "resolved": "https://registry.npmjs.org/vue-router/-/vue-router-3.4.8.tgz",
      "integrity": "sha512-3BsR84AqarcmweXjItxw3jwQsiYNssYg090yi4rlzTnCJxmHtkyCvhNz9Z7qRSOkmiV485KkUCReTp5AjNY4wg==",
      "dev": true
    }
  }
}
